
Microsoft Visual Studio Solution File, Format Version 12.00
# Visual Studio Version 17
VisualStudioVersion = 17.14.36414.22
MinimumVisualStudioVersion = 10.0.40219.1
Project("{FAE04EC0-301F-11D3-BF4B-00C04F79EFBC}") = "TechTest", "TechTest\TechTest.csproj", "{42273DBC-89AC-46C1-B365-A05EFD519761}"
EndProject
Global
	GlobalSection(SolutionConfigurationPlatforms) = preSolution
		Debug|Any CPU = Debug|Any CPU
		Release|Any CPU = Release|Any CPU
	EndGlobalSection
	GlobalSection(ProjectConfigurationPlatforms) = postSolution
		{42273DBC-89AC-46C1-B365-A05EFD519761}.Debug|Any CPU.ActiveCfg = Debug|Any CPU
		{42273DBC-89AC-46C1-B365-A05EFD519761}.Debug|Any CPU.Build.0 = Debug|Any CPU
		{42273DBC-89AC-46C1-B365-A05EFD519761}.Release|Any CPU.ActiveCfg = Release|Any CPU
		{42273DBC-89AC-46C1-B365-A05EFD519761}.Release|Any CPU.Build.0 = Release|Any CPU
	EndGlobalSection
	GlobalSection(SolutionProperties) = preSolution
		HideSolutionNode = FALSE
	EndGlobalSection
	GlobalSection(ExtensibilityGlobals) = postSolution
		SolutionGuid = {8A3D6940-E0FA-4ACA-9694-BBFA03937775}
	EndGlobalSection
EndGlobal
